
Microsoft Visual Studio Solution File, Format Version 12.00
# Visual Studio Version 17
VisualStudioVersion = 17.11.35312.102
MinimumVisualStudioVersion = 10.0.40219.1
Project("{FAE04EC0-301F-11D3-BF4B-00C04F79EFBC}") = "Access Modifiers", "Access Modifiers\Access Modifiers.csproj", "{A4E19EB8-EE17-4B72-82B8-C68699221B73}"
EndProject
Project("{FAE04EC0-301F-11D3-BF4B-00C04F79EFBC}") = "CustomValidator", "CustomValidator\CustomValidator.csproj", "{3198C174-62A2-4E35-AF29-5991010E7FDC}"
EndProject
Global
	GlobalSection(SolutionConfigurationPlatforms) = preSolution
		Debug|Any CPU = Debug|Any CPU
		Release|Any CPU = Release|Any CPU
	EndGlobalSection
	GlobalSection(ProjectConfigurationPlatforms) = postSolution
		{A4E19EB8-EE17-4B72-82B8-C68699221B73}.Debug|Any CPU.ActiveCfg = Debug|Any CPU
		{A4E19EB8-EE17-4B72-82B8-C68699221B73}.Debug|Any CPU.Build.0 = Debug|Any CPU
		{A4E19EB8-EE17-4B72-82B8-C68699221B73}.Release|Any CPU.ActiveCfg = Release|Any CPU
		{A4E19EB8-EE17-4B72-82B8-C68699221B73}.Release|Any CPU.Build.0 = Release|Any CPU
		{3198C174-62A2-4E35-AF29-5991010E7FDC}.Debug|Any CPU.ActiveCfg = Debug|Any CPU
		{3198C174-62A2-4E35-AF29-5991010E7FDC}.Debug|Any CPU.Build.0 = Debug|Any CPU
		{3198C174-62A2-4E35-AF29-5991010E7FDC}.Release|Any CPU.ActiveCfg = Release|Any CPU
		{3198C174-62A2-4E35-AF29-5991010E7FDC}.Release|Any CPU.Build.0 = Release|Any CPU
	EndGlobalSection
	GlobalSection(SolutionProperties) = preSolution
		HideSolutionNode = FALSE
	EndGlobalSection
	GlobalSection(ExtensibilityGlobals) = postSolution
		SolutionGuid = {CBF41557-C219-45C4-9DD2-A3585456659B}
	EndGlobalSection
EndGlobal
