
Microsoft Visual Studio Solution File, Format Version 12.00
# Visual Studio Version 17
VisualStudioVersion = 17.11.35312.102
MinimumVisualStudioVersion = 10.0.40219.1
Project("{FAE04EC0-301F-11D3-BF4B-00C04F79EFBC}") = "ASP.Net_Core_MVC", "ASP.Net_Core_MVC\ASP.Net_Core_MVC.csproj", "{63B7C313-FEF5-47F5-BC52-5465E1C84B88}"
EndProject
Global
	GlobalSection(SolutionConfigurationPlatforms) = preSolution
		Debug|Any CPU = Debug|Any CPU
		Release|Any CPU = Release|Any CPU
	EndGlobalSection
	GlobalSection(ProjectConfigurationPlatforms) = postSolution
		{63B7C313-FEF5-47F5-BC52-5465E1C84B88}.Debug|Any CPU.ActiveCfg = Debug|Any CPU
		{63B7C313-FEF5-47F5-BC52-5465E1C84B88}.Debug|Any CPU.Build.0 = Debug|Any CPU
		{63B7C313-FEF5-47F5-BC52-5465E1C84B88}.Release|Any CPU.ActiveCfg = Release|Any CPU
		{63B7C313-FEF5-47F5-BC52-5465E1C84B88}.Release|Any CPU.Build.0 = Release|Any CPU
	EndGlobalSection
	GlobalSection(SolutionProperties) = preSolution
		HideSolutionNode = FALSE
	EndGlobalSection
	GlobalSection(ExtensibilityGlobals) = postSolution
		SolutionGuid = {CA45D169-638B-4065-B50E-44480D34E4A1}
	EndGlobalSection
EndGlobal
