
Microsoft Visual Studio Solution File, Format Version 12.00
# Visual Studio Version 17
VisualStudioVersion = 17.11.35312.102
MinimumVisualStudioVersion = 10.0.40219.1
Project("{FAE04EC0-301F-11D3-BF4B-00C04F79EFBC}") = "Group_Student_Project", "Group_Student_Project\Group_Student_Project.csproj", "{F6244195-33FA-4C5B-AC98-688AE9D67F76}"
EndProject
Global
	GlobalSection(SolutionConfigurationPlatforms) = preSolution
		Debug|Any CPU = Debug|Any CPU
		Release|Any CPU = Release|Any CPU
	EndGlobalSection
	GlobalSection(ProjectConfigurationPlatforms) = postSolution
		{F6244195-33FA-4C5B-AC98-688AE9D67F76}.Debug|Any CPU.ActiveCfg = Debug|Any CPU
		{F6244195-33FA-4C5B-AC98-688AE9D67F76}.Debug|Any CPU.Build.0 = Debug|Any CPU
		{F6244195-33FA-4C5B-AC98-688AE9D67F76}.Release|Any CPU.ActiveCfg = Release|Any CPU
		{F6244195-33FA-4C5B-AC98-688AE9D67F76}.Release|Any CPU.Build.0 = Release|Any CPU
	EndGlobalSection
	GlobalSection(SolutionProperties) = preSolution
		HideSolutionNode = FALSE
	EndGlobalSection
	GlobalSection(ExtensibilityGlobals) = postSolution
		SolutionGuid = {064524C5-714D-4C57-8AEF-DBB4CEA7E9D4}
	EndGlobalSection
EndGlobal
